// !$*UTF8*$!
{
	archiveVersion = 1;
	classes = {
	};
	objectVersion = 50;
	objects = {

/* Begin PBXBuildFile section */
		65DB085E1B8FB2BA05B3E82F /* Pods_FunBoxTestApp.framework in Frameworks */ = {isa = PBXBuildFile; fileRef = 5C6E6294DB0DD0FBE5A47313 /* Pods_FunBoxTestApp.framework */; };
		B5082AC82287885B00504575 /* AddNewDeviceViewController.swift in Sources */ = {isa = PBXBuildFile; fileRef = B5082AC72287885B00504575 /* AddNewDeviceViewController.swift */; };
		B50A1908227665C90061F747 /* PriceTableViewCell.swift in Sources */ = {isa = PBXBuildFile; fileRef = B50A1907227665C90061F747 /* PriceTableViewCell.swift */; };
		B50A190A227665D80061F747 /* CountTableViewCell.swift in Sources */ = {isa = PBXBuildFile; fileRef = B50A1909227665D80061F747 /* CountTableViewCell.swift */; };
		B52F2C2E229361B5005E6F0F /* InputModelNameTableViewCell.swift in Sources */ = {isa = PBXBuildFile; fileRef = B52F2C2D229361B5005E6F0F /* InputModelNameTableViewCell.swift */; };
		B52F2C3222936301005E6F0F /* InputPriceTableViewCell.swift in Sources */ = {isa = PBXBuildFile; fileRef = B52F2C3122936301005E6F0F /* InputPriceTableViewCell.swift */; };
		B52F2C342293641C005E6F0F /* InputCountTableViewCell.swift in Sources */ = {isa = PBXBuildFile; fileRef = B52F2C332293641C005E6F0F /* InputCountTableViewCell.swift */; };
		B55307C422807B7200C7EBC9 /* BackEndView.swift in Sources */ = {isa = PBXBuildFile; fileRef = B55307C322807B7200C7EBC9 /* BackEndView.swift */; };
		B55307C72280DDBB00C7EBC9 /* BackEndTableViewDataSource.swift in Sources */ = {isa = PBXBuildFile; fileRef = B55307C62280DDBB00C7EBC9 /* BackEndTableViewDataSource.swift */; };
		B55307CA2280DE6700C7EBC9 /* BackEndTableViewDelegate.swift in Sources */ = {isa = PBXBuildFile; fileRef = B55307C92280DE6700C7EBC9 /* BackEndTableViewDelegate.swift */; };
		B556D27B227234F8006073BD /* AppDelegate.swift in Sources */ = {isa = PBXBuildFile; fileRef = B556D27A227234F8006073BD /* AppDelegate.swift */; };
		B556D27D227234F8006073BD /* StoreFrontViewController.swift in Sources */ = {isa = PBXBuildFile; fileRef = B556D27C227234F8006073BD /* StoreFrontViewController.swift */; };
		B556D282227234FB006073BD /* Assets.xcassets in Resources */ = {isa = PBXBuildFile; fileRef = B556D281227234FB006073BD /* Assets.xcassets */; };
		B556D285227234FB006073BD /* LaunchScreen.storyboard in Resources */ = {isa = PBXBuildFile; fileRef = B556D283227234FB006073BD /* LaunchScreen.storyboard */; };
		B556D28D22723B20006073BD /* StoreFrontView.swift in Sources */ = {isa = PBXBuildFile; fileRef = B556D28C22723B20006073BD /* StoreFrontView.swift */; };
		B556D28F22723DDA006073BD /* StoreFrontTableViewDataSource.swift in Sources */ = {isa = PBXBuildFile; fileRef = B556D28E22723DDA006073BD /* StoreFrontTableViewDataSource.swift */; };
		B556D29322723F9A006073BD /* ModelLabelTableViewCell.swift in Sources */ = {isa = PBXBuildFile; fileRef = B556D29222723F9A006073BD /* ModelLabelTableViewCell.swift */; };
		B57E6B7E22872873005E6F52 /* BackEndTableViewCell.swift in Sources */ = {isa = PBXBuildFile; fileRef = B57E6B7D22872873005E6F52 /* BackEndTableViewCell.swift */; };
		B5B8E2B82282EEA8005DD492 /* CoreDataStack.swift in Sources */ = {isa = PBXBuildFile; fileRef = B5B8E2B72282EEA8005DD492 /* CoreDataStack.swift */; };
		B5B8E2BD2284FC73005DD492 /* StorageManager.swift in Sources */ = {isa = PBXBuildFile; fileRef = B5B8E2BC2284FC73005DD492 /* StorageManager.swift */; };
		B5B8E2BF2285DCC1005DD492 /* DataModelDelegate.swift in Sources */ = {isa = PBXBuildFile; fileRef = B5B8E2BE2285DCC1005DD492 /* DataModelDelegate.swift */; };
		B5B8E2C22285DE3F005DD492 /* DevicesDataModel.xcdatamodeld in Sources */ = {isa = PBXBuildFile; fileRef = B5B8E2C02285DE3F005DD492 /* DevicesDataModel.xcdatamodeld */; };
		B5C7714322773FFC00B537C2 /* Devices.json in Resources */ = {isa = PBXBuildFile; fileRef = B5C7714222773FFC00B537C2 /* Devices.json */; };
		B5C77145227742B500B537C2 /* DeviceModel.swift in Sources */ = {isa = PBXBuildFile; fileRef = B5C77144227742B500B537C2 /* DeviceModel.swift */; };
		B5C77147227744B000B537C2 /* ParseDataDevice.swift in Sources */ = {isa = PBXBuildFile; fileRef = B5C77146227744B000B537C2 /* ParseDataDevice.swift */; };
		B5CC407622942AB900A06069 /* ConfigureCell.swift in Sources */ = {isa = PBXBuildFile; fileRef = B5CC407522942AB900A06069 /* ConfigureCell.swift */; };
		B5D1B159228A33E50034CB68 /* AddNewDeviceView.swift in Sources */ = {isa = PBXBuildFile; fileRef = B5D1B158228A33E50034CB68 /* AddNewDeviceView.swift */; };
		B5D1B15C228A43430034CB68 /* AddNewDeviceTableViewDelegate.swift in Sources */ = {isa = PBXBuildFile; fileRef = B5D1B15B228A43430034CB68 /* AddNewDeviceTableViewDelegate.swift */; };
		B5D1B15E228A43540034CB68 /* AddNewDeviceDataSource.swift in Sources */ = {isa = PBXBuildFile; fileRef = B5D1B15D228A43540034CB68 /* AddNewDeviceDataSource.swift */; };
		B5E68E55227F1EDF00AAFBCD /* BackEndViewController.swift in Sources */ = {isa = PBXBuildFile; fileRef = B5E68E54227F1EDF00AAFBCD /* BackEndViewController.swift */; };
		B5E68E58227F4D0F00AAFBCD /* ButtonDelegate.swift in Sources */ = {isa = PBXBuildFile; fileRef = B5E68E57227F4D0F00AAFBCD /* ButtonDelegate.swift */; };
		B5EBC06222788E45003372E0 /* StoreFrontTableViewDelegate.swift in Sources */ = {isa = PBXBuildFile; fileRef = B5EBC06122788E45003372E0 /* StoreFrontTableViewDelegate.swift */; };
/* End PBXBuildFile section */

/* Begin PBXFileReference section */
		5C6E6294DB0DD0FBE5A47313 /* Pods_FunBoxTestApp.framework */ = {isa = PBXFileReference; explicitFileType = wrapper.framework; includeInIndex = 0; path = Pods_FunBoxTestApp.framework; sourceTree = BUILT_PRODUCTS_DIR; };
		9BE846B36A52FD7FFB808F5C /* Pods-FunBoxTestApp.debug.xcconfig */ = {isa = PBXFileReference; includeInIndex = 1; lastKnownFileType = text.xcconfig; name = "Pods-FunBoxTestApp.debug.xcconfig"; path = "Pods/Target Support Files/Pods-FunBoxTestApp/Pods-FunBoxTestApp.debug.xcconfig"; sourceTree = "<group>"; };
		B5082AC72287885B00504575 /* AddNewDeviceViewController.swift */ = {isa = PBXFileReference; lastKnownFileType = sourcecode.swift; path = AddNewDeviceViewController.swift; sourceTree = "<group>"; };
		B50A1907227665C90061F747 /* PriceTableViewCell.swift */ = {isa = PBXFileReference; lastKnownFileType = sourcecode.swift; path = PriceTableViewCell.swift; sourceTree = "<group>"; };
		B50A1909227665D80061F747 /* CountTableViewCell.swift */ = {isa = PBXFileReference; lastKnownFileType = sourcecode.swift; path = CountTableViewCell.swift; sourceTree = "<group>"; };
		B52F2C2D229361B5005E6F0F /* InputModelNameTableViewCell.swift */ = {isa = PBXFileReference; lastKnownFileType = sourcecode.swift; path = InputModelNameTableViewCell.swift; sourceTree = "<group>"; };
		B52F2C3122936301005E6F0F /* InputPriceTableViewCell.swift */ = {isa = PBXFileReference; lastKnownFileType = sourcecode.swift; path = InputPriceTableViewCell.swift; sourceTree = "<group>"; };
		B52F2C332293641C005E6F0F /* InputCountTableViewCell.swift */ = {isa = PBXFileReference; lastKnownFileType = sourcecode.swift; path = InputCountTableViewCell.swift; sourceTree = "<group>"; };
		B55307C322807B7200C7EBC9 /* BackEndView.swift */ = {isa = PBXFileReference; lastKnownFileType = sourcecode.swift; path = BackEndView.swift; sourceTree = "<group>"; };
		B55307C62280DDBB00C7EBC9 /* BackEndTableViewDataSource.swift */ = {isa = PBXFileReference; lastKnownFileType = sourcecode.swift; path = BackEndTableViewDataSource.swift; sourceTree = "<group>"; };
		B55307C92280DE6700C7EBC9 /* BackEndTableViewDelegate.swift */ = {isa = PBXFileReference; lastKnownFileType = sourcecode.swift; path = BackEndTableViewDelegate.swift; sourceTree = "<group>"; };
		B556D277227234F8006073BD /* FunBoxTestApp.app */ = {isa = PBXFileReference; explicitFileType = wrapper.application; includeInIndex = 0; path = FunBoxTestApp.app; sourceTree = BUILT_PRODUCTS_DIR; };
		B556D27A227234F8006073BD /* AppDelegate.swift */ = {isa = PBXFileReference; lastKnownFileType = sourcecode.swift; path = AppDelegate.swift; sourceTree = "<group>"; };
		B556D27C227234F8006073BD /* StoreFrontViewController.swift */ = {isa = PBXFileReference; lastKnownFileType = sourcecode.swift; path = StoreFrontViewController.swift; sourceTree = "<group>"; };
		B556D281227234FB006073BD /* Assets.xcassets */ = {isa = PBXFileReference; lastKnownFileType = folder.assetcatalog; path = Assets.xcassets; sourceTree = "<group>"; };
		B556D284227234FB006073BD /* Base */ = {isa = PBXFileReference; lastKnownFileType = file.storyboard; name = Base; path = Base.lproj/LaunchScreen.storyboard; sourceTree = "<group>"; };
		B556D286227234FB006073BD /* Info.plist */ = {isa = PBXFileReference; lastKnownFileType = text.plist.xml; path = Info.plist; sourceTree = "<group>"; };
		B556D28C22723B20006073BD /* StoreFrontView.swift */ = {isa = PBXFileReference; lastKnownFileType = sourcecode.swift; path = StoreFrontView.swift; sourceTree = "<group>"; };
		B556D28E22723DDA006073BD /* StoreFrontTableViewDataSource.swift */ = {isa = PBXFileReference; lastKnownFileType = sourcecode.swift; path = StoreFrontTableViewDataSource.swift; sourceTree = "<group>"; };
		B556D29222723F9A006073BD /* ModelLabelTableViewCell.swift */ = {isa = PBXFileReference; lastKnownFileType = sourcecode.swift; path = ModelLabelTableViewCell.swift; sourceTree = "<group>"; };
		B57E6B7D22872873005E6F52 /* BackEndTableViewCell.swift */ = {isa = PBXFileReference; lastKnownFileType = sourcecode.swift; path = BackEndTableViewCell.swift; sourceTree = "<group>"; };
		B5B8E2B72282EEA8005DD492 /* CoreDataStack.swift */ = {isa = PBXFileReference; lastKnownFileType = sourcecode.swift; path = CoreDataStack.swift; sourceTree = "<group>"; };
		B5B8E2BC2284FC73005DD492 /* StorageManager.swift */ = {isa = PBXFileReference; lastKnownFileType = sourcecode.swift; path = StorageManager.swift; sourceTree = "<group>"; };
		B5B8E2BE2285DCC1005DD492 /* DataModelDelegate.swift */ = {isa = PBXFileReference; lastKnownFileType = sourcecode.swift; path = DataModelDelegate.swift; sourceTree = "<group>"; };
		B5B8E2C12285DE3F005DD492 /* DevicesDataModel.xcdatamodel */ = {isa = PBXFileReference; lastKnownFileType = wrapper.xcdatamodel; path = DevicesDataModel.xcdatamodel; sourceTree = "<group>"; };
		B5C7714222773FFC00B537C2 /* Devices.json */ = {isa = PBXFileReference; lastKnownFileType = text.json; path = Devices.json; sourceTree = "<group>"; };
		B5C77144227742B500B537C2 /* DeviceModel.swift */ = {isa = PBXFileReference; lastKnownFileType = sourcecode.swift; path = DeviceModel.swift; sourceTree = "<group>"; };
		B5C77146227744B000B537C2 /* ParseDataDevice.swift */ = {isa = PBXFileReference; lastKnownFileType = sourcecode.swift; path = ParseDataDevice.swift; sourceTree = "<group>"; };
		B5CC407522942AB900A06069 /* ConfigureCell.swift */ = {isa = PBXFileReference; lastKnownFileType = sourcecode.swift; path = ConfigureCell.swift; sourceTree = "<group>"; };
		B5D1B158228A33E50034CB68 /* AddNewDeviceView.swift */ = {isa = PBXFileReference; lastKnownFileType = sourcecode.swift; path = AddNewDeviceView.swift; sourceTree = "<group>"; };
		B5D1B15B228A43430034CB68 /* AddNewDeviceTableViewDelegate.swift */ = {isa = PBXFileReference; lastKnownFileType = sourcecode.swift; path = AddNewDeviceTableViewDelegate.swift; sourceTree = "<group>"; };
		B5D1B15D228A43540034CB68 /* AddNewDeviceDataSource.swift */ = {isa = PBXFileReference; lastKnownFileType = sourcecode.swift; path = AddNewDeviceDataSource.swift; sourceTree = "<group>"; };
		B5E68E54227F1EDF00AAFBCD /* BackEndViewController.swift */ = {isa = PBXFileReference; lastKnownFileType = sourcecode.swift; path = BackEndViewController.swift; sourceTree = "<group>"; };
		B5E68E57227F4D0F00AAFBCD /* ButtonDelegate.swift */ = {isa = PBXFileReference; lastKnownFileType = sourcecode.swift; path = ButtonDelegate.swift; sourceTree = "<group>"; };
		B5EBC06122788E45003372E0 /* StoreFrontTableViewDelegate.swift */ = {isa = PBXFileReference; lastKnownFileType = sourcecode.swift; path = StoreFrontTableViewDelegate.swift; sourceTree = "<group>"; };
		DF7164CDCF6FE82EFBCBBA75 /* Pods-FunBoxTestApp.release.xcconfig */ = {isa = PBXFileReference; includeInIndex = 1; lastKnownFileType = text.xcconfig; name = "Pods-FunBoxTestApp.release.xcconfig"; path = "Pods/Target Support Files/Pods-FunBoxTestApp/Pods-FunBoxTestApp.release.xcconfig"; sourceTree = "<group>"; };
/* End PBXFileReference section */

/* Begin PBXFrameworksBuildPhase section */
		B556D274227234F8006073BD /* Frameworks */ = {
			isa = PBXFrameworksBuildPhase;
			buildActionMask = 2147483647;
			files = (
				65DB085E1B8FB2BA05B3E82F /* Pods_FunBoxTestApp.framework in Frameworks */,
			);
			runOnlyForDeploymentPostprocessing = 0;
		};
/* End PBXFrameworksBuildPhase section */

/* Begin PBXGroup section */
		4494AFDC784B35EFB2D69AF4 /* Pods */ = {
			isa = PBXGroup;
			children = (
				9BE846B36A52FD7FFB808F5C /* Pods-FunBoxTestApp.debug.xcconfig */,
				DF7164CDCF6FE82EFBCBBA75 /* Pods-FunBoxTestApp.release.xcconfig */,
			);
			name = Pods;
			sourceTree = "<group>";
		};
		B5082AC62287880C00504575 /* AddNewDeviceViewController */ = {
			isa = PBXGroup;
			children = (
				B5082AC72287885B00504575 /* AddNewDeviceViewController.swift */,
				B5D1B157228A33BD0034CB68 /* AddNewDeviceView */,
				B52F2C2A22935F64005E6F0F /* Cells */,
				B5D1B15A228A42ED0034CB68 /* TableViewDelegateDataSource */,
			);
			path = AddNewDeviceViewController;
			sourceTree = "<group>";
		};
		B50A190622765E8E0061F747 /* Cell's */ = {
			isa = PBXGroup;
			children = (
				B556D29222723F9A006073BD /* ModelLabelTableViewCell.swift */,
				B50A1907227665C90061F747 /* PriceTableViewCell.swift */,
				B50A1909227665D80061F747 /* CountTableViewCell.swift */,
			);
			path = "Cell's";
			sourceTree = "<group>";
		};
		B50A190D2276793C0061F747 /* Network */ = {
			isa = PBXGroup;
			children = (
				B5C7714222773FFC00B537C2 /* Devices.json */,
				B5C77144227742B500B537C2 /* DeviceModel.swift */,
				B5C77146227744B000B537C2 /* ParseDataDevice.swift */,
				B5B8E2BE2285DCC1005DD492 /* DataModelDelegate.swift */,
			);
			path = Network;
			sourceTree = "<group>";
		};
		B515555B227A0462004C21A6 /* BackEndViewController */ = {
			isa = PBXGroup;
			children = (
				B5E68E54227F1EDF00AAFBCD /* BackEndViewController.swift */,
				B55307C522807B7D00C7EBC9 /* BackEndView */,
				B55307C82280DDCE00C7EBC9 /* TableViewDelegateDataSource */,
			);
			path = BackEndViewController;
			sourceTree = "<group>";
		};
		B52F2C2A22935F64005E6F0F /* Cells */ = {
			isa = PBXGroup;
			children = (
				B52F2C2D229361B5005E6F0F /* InputModelNameTableViewCell.swift */,
				B52F2C3122936301005E6F0F /* InputPriceTableViewCell.swift */,
				B52F2C332293641C005E6F0F /* InputCountTableViewCell.swift */,
			);
			path = Cells;
			sourceTree = "<group>";
		};
		B55307C522807B7D00C7EBC9 /* BackEndView */ = {
			isa = PBXGroup;
			children = (
				B55307C322807B7200C7EBC9 /* BackEndView.swift */,
			);
			path = BackEndView;
			sourceTree = "<group>";
		};
		B55307C82280DDCE00C7EBC9 /* TableViewDelegateDataSource */ = {
			isa = PBXGroup;
			children = (
				B55307C62280DDBB00C7EBC9 /* BackEndTableViewDataSource.swift */,
				B55307C92280DE6700C7EBC9 /* BackEndTableViewDelegate.swift */,
				B57E6B7C22872851005E6F52 /* Cell's */,
			);
			path = TableViewDelegateDataSource;
			sourceTree = "<group>";
		};
		B556D26E227234F8006073BD = {
			isa = PBXGroup;
			children = (
				B556D279227234F8006073BD /* FunBoxTestApp */,
				B556D278227234F8006073BD /* Products */,
				4494AFDC784B35EFB2D69AF4 /* Pods */,
				DA8E48300EAF16EA989EB677 /* Frameworks */,
			);
			sourceTree = "<group>";
		};
		B556D278227234F8006073BD /* Products */ = {
			isa = PBXGroup;
			children = (
				B556D277227234F8006073BD /* FunBoxTestApp.app */,
			);
			name = Products;
			sourceTree = "<group>";
		};
		B556D279227234F8006073BD /* FunBoxTestApp */ = {
			isa = PBXGroup;
			children = (
				B5C7714C2277B5D900B537C2 /* InteractivLayer */,
				B5E68E56227F4C9600AAFBCD /* Service Layer */,
				B5C7714E2277B60200B537C2 /* CoreLayer */,
				B556D283227234FB006073BD /* LaunchScreen.storyboard */,
				B556D281227234FB006073BD /* Assets.xcassets */,
				B556D27A227234F8006073BD /* AppDelegate.swift */,
				B556D286227234FB006073BD /* Info.plist */,
			);
			path = FunBoxTestApp;
			sourceTree = "<group>";
		};
		B57E6B7C22872851005E6F52 /* Cell's */ = {
			isa = PBXGroup;
			children = (
				B57E6B7D22872873005E6F52 /* BackEndTableViewCell.swift */,
			);
			path = "Cell's";
			sourceTree = "<group>";
		};
		B5B8E2B62282EE96005DD492 /* CoreData */ = {
			isa = PBXGroup;
			children = (
				B5B8E2C02285DE3F005DD492 /* DevicesDataModel.xcdatamodeld */,
				B5B8E2B72282EEA8005DD492 /* CoreDataStack.swift */,
				B5B8E2BC2284FC73005DD492 /* StorageManager.swift */,
			);
			path = CoreData;
			sourceTree = "<group>";
		};
		B5C771482277B57F00B537C2 /* StoreFrontViewController */ = {
			isa = PBXGroup;
			children = (
				B556D27C227234F8006073BD /* StoreFrontViewController.swift */,
				B5C7714A2277B5BC00B537C2 /* StoreFrontView */,
				B5C771492277B59B00B537C2 /* TableViewDelegateDataSource */,
			);
			path = StoreFrontViewController;
			sourceTree = "<group>";
		};
		B5C771492277B59B00B537C2 /* TableViewDelegateDataSource */ = {
			isa = PBXGroup;
			children = (
				B556D28E22723DDA006073BD /* StoreFrontTableViewDataSource.swift */,
				B5EBC06122788E45003372E0 /* StoreFrontTableViewDelegate.swift */,
				B50A190622765E8E0061F747 /* Cell's */,
			);
			path = TableViewDelegateDataSource;
			sourceTree = "<group>";
		};
		B5C7714A2277B5BC00B537C2 /* StoreFrontView */ = {
			isa = PBXGroup;
			children = (
				B556D28C22723B20006073BD /* StoreFrontView.swift */,
			);
			path = StoreFrontView;
			sourceTree = "<group>";
		};
		B5C7714C2277B5D900B537C2 /* InteractivLayer */ = {
			isa = PBXGroup;
			children = (
				B5C771482277B57F00B537C2 /* StoreFrontViewController */,
				B515555B227A0462004C21A6 /* BackEndViewController */,
				B5082AC62287880C00504575 /* AddNewDeviceViewController */,
			);
			path = InteractivLayer;
			sourceTree = "<group>";
		};
		B5C7714E2277B60200B537C2 /* CoreLayer */ = {
			isa = PBXGroup;
			children = (
				B5B8E2B62282EE96005DD492 /* CoreData */,
				B50A190D2276793C0061F747 /* Network */,
			);
			path = CoreLayer;
			sourceTree = "<group>";
		};
		B5D1B157228A33BD0034CB68 /* AddNewDeviceView */ = {
			isa = PBXGroup;
			children = (
				B5D1B158228A33E50034CB68 /* AddNewDeviceView.swift */,
			);
			path = AddNewDeviceView;
			sourceTree = "<group>";
		};
		B5D1B15A228A42ED0034CB68 /* TableViewDelegateDataSource */ = {
			isa = PBXGroup;
			children = (
				B5D1B15B228A43430034CB68 /* AddNewDeviceTableViewDelegate.swift */,
				B5D1B15D228A43540034CB68 /* AddNewDeviceDataSource.swift */,
			);
			path = TableViewDelegateDataSource;
			sourceTree = "<group>";
		};
		B5E68E56227F4C9600AAFBCD /* Service Layer */ = {
			isa = PBXGroup;
			children = (
				B5E68E57227F4D0F00AAFBCD /* ButtonDelegate.swift */,
				B5CC407522942AB900A06069 /* ConfigureCell.swift */,
			);
			path = "Service Layer";
			sourceTree = "<group>";
		};
		DA8E48300EAF16EA989EB677 /* Frameworks */ = {
			isa = PBXGroup;
			children = (
				5C6E6294DB0DD0FBE5A47313 /* Pods_FunBoxTestApp.framework */,
			);
			name = Frameworks;
			sourceTree = "<group>";
		};
/* End PBXGroup section */

/* Begin PBXNativeTarget section */
		B556D276227234F8006073BD /* FunBoxTestApp */ = {
			isa = PBXNativeTarget;
			buildConfigurationList = B556D289227234FB006073BD /* Build configuration list for PBXNativeTarget "FunBoxTestApp" */;
			buildPhases = (
				BEC8EFDB8177517B360B5E81 /* [CP] Check Pods Manifest.lock */,
				B556D273227234F8006073BD /* Sources */,
				B556D274227234F8006073BD /* Frameworks */,
				B556D275227234F8006073BD /* Resources */,
				679F9AA8967CAE10D2C2AADA /* [CP] Embed Pods Frameworks */,
			);
			buildRules = (
			);
			dependencies = (
			);
			name = FunBoxTestApp;
			productName = FunBoxTestApp;
			productReference = B556D277227234F8006073BD /* FunBoxTestApp.app */;
			productType = "com.apple.product-type.application";
		};
/* End PBXNativeTarget section */

/* Begin PBXProject section */
		B556D26F227234F8006073BD /* Project object */ = {
			isa = PBXProject;
			attributes = {
				LastSwiftUpdateCheck = 1010;
				LastUpgradeCheck = 1010;
				ORGANIZATIONNAME = "Konstantin Meleshko";
				TargetAttributes = {
					B556D276227234F8006073BD = {
						CreatedOnToolsVersion = 10.1;
					};
				};
			};
			buildConfigurationList = B556D272227234F8006073BD /* Build configuration list for PBXProject "FunBoxTestApp" */;
			compatibilityVersion = "Xcode 9.3";
			developmentRegion = en;
			hasScannedForEncodings = 0;
			knownRegions = (
				en,
				Base,
			);
			mainGroup = B556D26E227234F8006073BD;
			productRefGroup = B556D278227234F8006073BD /* Products */;
			projectDirPath = "";
			projectRoot = "";
			targets = (
				B556D276227234F8006073BD /* FunBoxTestApp */,
			);
		};
/* End PBXProject section */

/* Begin PBXResourcesBuildPhase section */
		B556D275227234F8006073BD /* Resources */ = {
			isa = PBXResourcesBuildPhase;
			buildActionMask = 2147483647;
			files = (
				B5C7714322773FFC00B537C2 /* Devices.json in Resources */,
				B556D285227234FB006073BD /* LaunchScreen.storyboard in Resources */,
				B556D282227234FB006073BD /* Assets.xcassets in Resources */,
			);
			runOnlyForDeploymentPostprocessing = 0;
		};
/* End PBXResourcesBuildPhase section */

/* Begin PBXShellScriptBuildPhase section */
		679F9AA8967CAE10D2C2AADA /* [CP] Embed Pods Frameworks */ = {
			isa = PBXShellScriptBuildPhase;
			buildActionMask = 2147483647;
			files = (
			);
			inputPaths = (
				"${SRCROOT}/Pods/Target Support Files/Pods-FunBoxTestApp/Pods-FunBoxTestApp-frameworks.sh",
				"${BUILT_PRODUCTS_DIR}/SnapKit/SnapKit.framework",
			);
			name = "[CP] Embed Pods Frameworks";
			outputPaths = (
				"${TARGET_BUILD_DIR}/${FRAMEWORKS_FOLDER_PATH}/SnapKit.framework",
			);
			runOnlyForDeploymentPostprocessing = 0;
			shellPath = /bin/sh;
			shellScript = "\"${SRCROOT}/Pods/Target Support Files/Pods-FunBoxTestApp/Pods-FunBoxTestApp-frameworks.sh\"\n";
			showEnvVarsInLog = 0;
		};
		BEC8EFDB8177517B360B5E81 /* [CP] Check Pods Manifest.lock */ = {
			isa = PBXShellScriptBuildPhase;
			buildActionMask = 2147483647;
			files = (
			);
			inputPaths = (
				"${PODS_PODFILE_DIR_PATH}/Podfile.lock",
				"${PODS_ROOT}/Manifest.lock",
			);
			name = "[CP] Check Pods Manifest.lock";
			outputPaths = (
				"$(DERIVED_FILE_DIR)/Pods-FunBoxTestApp-checkManifestLockResult.txt",
			);
			runOnlyForDeploymentPostprocessing = 0;
			shellPath = /bin/sh;
			shellScript = "diff \"${PODS_PODFILE_DIR_PATH}/Podfile.lock\" \"${PODS_ROOT}/Manifest.lock\" > /dev/null\nif [ $? != 0 ] ; then\n    # print error to STDERR\n    echo \"error: The sandbox is not in sync with the Podfile.lock. Run 'pod install' or update your CocoaPods installation.\" >&2\n    exit 1\nfi\n# This output is used by Xcode 'outputs' to avoid re-running this script phase.\necho \"SUCCESS\" > \"${SCRIPT_OUTPUT_FILE_0}\"\n";
			showEnvVarsInLog = 0;
		};
/* End PBXShellScriptBuildPhase section */

/* Begin PBXSourcesBuildPhase section */
		B556D273227234F8006073BD /* Sources */ = {
			isa = PBXSourcesBuildPhase;
			buildActionMask = 2147483647;
			files = (
				B5B8E2BF2285DCC1005DD492 /* DataModelDelegate.swift in Sources */,
				B52F2C2E229361B5005E6F0F /* InputModelNameTableViewCell.swift in Sources */,
				B52F2C3222936301005E6F0F /* InputPriceTableViewCell.swift in Sources */,
				B556D28F22723DDA006073BD /* StoreFrontTableViewDataSource.swift in Sources */,
				B556D27D227234F8006073BD /* StoreFrontViewController.swift in Sources */,
				B5B8E2BD2284FC73005DD492 /* StorageManager.swift in Sources */,
				B57E6B7E22872873005E6F52 /* BackEndTableViewCell.swift in Sources */,
				B556D28D22723B20006073BD /* StoreFrontView.swift in Sources */,
				B5082AC82287885B00504575 /* AddNewDeviceViewController.swift in Sources */,
				B55307CA2280DE6700C7EBC9 /* BackEndTableViewDelegate.swift in Sources */,
				B52F2C342293641C005E6F0F /* InputCountTableViewCell.swift in Sources */,
				B5C77147227744B000B537C2 /* ParseDataDevice.swift in Sources */,
				B5CC407622942AB900A06069 /* ConfigureCell.swift in Sources */,
				B5D1B159228A33E50034CB68 /* AddNewDeviceView.swift in Sources */,
				B5EBC06222788E45003372E0 /* StoreFrontTableViewDelegate.swift in Sources */,
				B556D27B227234F8006073BD /* AppDelegate.swift in Sources */,
				B5B8E2B82282EEA8005DD492 /* CoreDataStack.swift in Sources */,
				B50A190A227665D80061F747 /* CountTableViewCell.swift in Sources */,
				B55307C422807B7200C7EBC9 /* BackEndView.swift in Sources */,
				B5C77145227742B500B537C2 /* DeviceModel.swift in Sources */,
				B5D1B15C228A43430034CB68 /* AddNewDeviceTableViewDelegate.swift in Sources */,
				B55307C72280DDBB00C7EBC9 /* BackEndTableViewDataSource.swift in Sources */,
				B556D29322723F9A006073BD /* ModelLabelTableViewCell.swift in Sources */,
				B50A1908227665C90061F747 /* PriceTableViewCell.swift in Sources */,
				B5B8E2C22285DE3F005DD492 /* DevicesDataModel.xcdatamodeld in Sources */,
				B5D1B15E228A43540034CB68 /* AddNewDeviceDataSource.swift in Sources */,
				B5E68E58227F4D0F00AAFBCD /* ButtonDelegate.swift in Sources */,
				B5E68E55227F1EDF00AAFBCD /* BackEndViewController.swift in Sources */,
			);
			runOnlyForDeploymentPostprocessing = 0;
		};
/* End PBXSourcesBuildPhase section */

/* Begin PBXVariantGroup section */
		B556D283227234FB006073BD /* LaunchScreen.storyboard */ = {
			isa = PBXVariantGroup;
			children = (
				B556D284227234FB006073BD /* Base */,
			);
			name = LaunchScreen.storyboard;
			sourceTree = "<group>";
		};
/* End PBXVariantGroup section */

/* Begin XCBuildConfiguration section */
		B556D287227234FB006073BD /* Debug */ = {
			isa = XCBuildConfiguration;
			buildSettings = {
				ALWAYS_SEARCH_USER_PATHS = NO;
				CLANG_ANALYZER_NONNULL = YES;
				CLANG_ANALYZER_NUMBER_OBJECT_CONVERSION = YES_AGGRESSIVE;
				CLANG_CXX_LANGUAGE_STANDARD = "gnu++14";
				CLANG_CXX_LIBRARY = "libc++";
				CLANG_ENABLE_MODULES = YES;
				CLANG_ENABLE_OBJC_ARC = YES;
				CLANG_ENABLE_OBJC_WEAK = YES;
				CLANG_WARN_BLOCK_CAPTURE_AUTORELEASING = YES;
				CLANG_WARN_BOOL_CONVERSION = YES;
				CLANG_WARN_COMMA = YES;
				CLANG_WARN_CONSTANT_CONVERSION = YES;
				CLANG_WARN_DEPRECATED_OBJC_IMPLEMENTATIONS = YES;
				CLANG_WARN_DIRECT_OBJC_ISA_USAGE = YES_ERROR;
				CLANG_WARN_DOCUMENTATION_COMMENTS = YES;
				CLANG_WARN_EMPTY_BODY = YES;
				CLANG_WARN_ENUM_CONVERSION = YES;
				CLANG_WARN_INFINITE_RECURSION = YES;
				CLANG_WARN_INT_CONVERSION = YES;
				CLANG_WARN_NON_LITERAL_NULL_CONVERSION = YES;
				CLANG_WARN_OBJC_IMPLICIT_RETAIN_SELF = YES;
				CLANG_WARN_OBJC_LITERAL_CONVERSION = YES;
				CLANG_WARN_OBJC_ROOT_CLASS = YES_ERROR;
				CLANG_WARN_RANGE_LOOP_ANALYSIS = YES;
				CLANG_WARN_STRICT_PROTOTYPES = YES;
				CLANG_WARN_SUSPICIOUS_MOVE = YES;
				CLANG_WARN_UNGUARDED_AVAILABILITY = YES_AGGRESSIVE;
				CLANG_WARN_UNREACHABLE_CODE = YES;
				CLANG_WARN__DUPLICATE_METHOD_MATCH = YES;
				CODE_SIGN_IDENTITY = "iPhone Developer";
				COPY_PHASE_STRIP = NO;
				DEBUG_INFORMATION_FORMAT = dwarf;
				ENABLE_STRICT_OBJC_MSGSEND = YES;
				ENABLE_TESTABILITY = YES;
				GCC_C_LANGUAGE_STANDARD = gnu11;
				GCC_DYNAMIC_NO_PIC = NO;
				GCC_NO_COMMON_BLOCKS = YES;
				GCC_OPTIMIZATION_LEVEL = 0;
				GCC_PREPROCESSOR_DEFINITIONS = (
					"DEBUG=1",
					"$(inherited)",
				);
				GCC_WARN_64_TO_32_BIT_CONVERSION = YES;
				GCC_WARN_ABOUT_RETURN_TYPE = YES_ERROR;
				GCC_WARN_UNDECLARED_SELECTOR = YES;
				GCC_WARN_UNINITIALIZED_AUTOS = YES_AGGRESSIVE;
				GCC_WARN_UNUSED_FUNCTION = YES;
				GCC_WARN_UNUSED_VARIABLE = YES;
				IPHONEOS_DEPLOYMENT_TARGET = 12.1;
				MTL_ENABLE_DEBUG_INFO = INCLUDE_SOURCE;
				MTL_FAST_MATH = YES;
				ONLY_ACTIVE_ARCH = YES;
				SDKROOT = iphoneos;
				SWIFT_ACTIVE_COMPILATION_CONDITIONS = DEBUG;
				SWIFT_OPTIMIZATION_LEVEL = "-Onone";
			};
			name = Debug;
		};
		B556D288227234FB006073BD /* Release */ = {
			isa = XCBuildConfiguration;
			buildSettings = {
				ALWAYS_SEARCH_USER_PATHS = NO;
				CLANG_ANALYZER_NONNULL = YES;
				CLANG_ANALYZER_NUMBER_OBJECT_CONVERSION = YES_AGGRESSIVE;
				CLANG_CXX_LANGUAGE_STANDARD = "gnu++14";
				CLANG_CXX_LIBRARY = "libc++";
				CLANG_ENABLE_MODULES = YES;
				CLANG_ENABLE_OBJC_ARC = YES;
				CLANG_ENABLE_OBJC_WEAK = YES;
				CLANG_WARN_BLOCK_CAPTURE_AUTORELEASING = YES;
				CLANG_WARN_BOOL_CONVERSION = YES;
				CLANG_WARN_COMMA = YES;
				CLANG_WARN_CONSTANT_CONVERSION = YES;
				CLANG_WARN_DEPRECATED_OBJC_IMPLEMENTATIONS = YES;
				CLANG_WARN_DIRECT_OBJC_ISA_USAGE = YES_ERROR;
				CLANG_WARN_DOCUMENTATION_COMMENTS = YES;
				CLANG_WARN_EMPTY_BODY = YES;
				CLANG_WARN_ENUM_CONVERSION = YES;
				CLANG_WARN_INFINITE_RECURSION = YES;
				CLANG_WARN_INT_CONVERSION = YES;
				CLANG_WARN_NON_LITERAL_NULL_CONVERSION = YES;
				CLANG_WARN_OBJC_IMPLICIT_RETAIN_SELF = YES;
				CLANG_WARN_OBJC_LITERAL_CONVERSION = YES;
				CLANG_WARN_OBJC_ROOT_CLASS = YES_ERROR;
				CLANG_WARN_RANGE_LOOP_ANALYSIS = YES;
				CLANG_WARN_STRICT_PROTOTYPES = YES;
				CLANG_WARN_SUSPICIOUS_MOVE = YES;
				CLANG_WARN_UNGUARDED_AVAILABILITY = YES_AGGRESSIVE;
				CLANG_WARN_UNREACHABLE_CODE = YES;
				CLANG_WARN__DUPLICATE_METHOD_MATCH = YES;
				CODE_SIGN_IDENTITY = "iPhone Developer";
				COPY_PHASE_STRIP = NO;
				DEBUG_INFORMATION_FORMAT = "dwarf-with-dsym";
				ENABLE_NS_ASSERTIONS = NO;
				ENABLE_STRICT_OBJC_MSGSEND = YES;
				GCC_C_LANGUAGE_STANDARD = gnu11;
				GCC_NO_COMMON_BLOCKS = YES;
				GCC_WARN_64_TO_32_BIT_CONVERSION = YES;
				GCC_WARN_ABOUT_RETURN_TYPE = YES_ERROR;
				GCC_WARN_UNDECLARED_SELECTOR = YES;
				GCC_WARN_UNINITIALIZED_AUTOS = YES_AGGRESSIVE;
				GCC_WARN_UNUSED_FUNCTION = YES;
				GCC_WARN_UNUSED_VARIABLE = YES;
				IPHONEOS_DEPLOYMENT_TARGET = 12.1;
				MTL_ENABLE_DEBUG_INFO = NO;
				MTL_FAST_MATH = YES;
				SDKROOT = iphoneos;
				SWIFT_COMPILATION_MODE = wholemodule;
				SWIFT_OPTIMIZATION_LEVEL = "-O";
				VALIDATE_PRODUCT = YES;
			};
			name = Release;
		};
		B556D28A227234FB006073BD /* Debug */ = {
			isa = XCBuildConfiguration;
			baseConfigurationReference = 9BE846B36A52FD7FFB808F5C /* Pods-FunBoxTestApp.debug.xcconfig */;
			buildSettings = {
				ASSETCATALOG_COMPILER_APPICON_NAME = AppIcon;
				CODE_SIGN_STYLE = Automatic;
				DEVELOPMENT_TEAM = YB3X76G54W;
				INFOPLIST_FILE = FunBoxTestApp/Info.plist;
				LD_RUNPATH_SEARCH_PATHS = (
					"$(inherited)",
					"@executable_path/Frameworks",
				);
				PRODUCT_BUNDLE_IDENTIFIER = Nervanin.FunBoxTestApp;
				PRODUCT_NAME = "$(TARGET_NAME)";
				SWIFT_VERSION = 4.2;
				TARGETED_DEVICE_FAMILY = "1,2";
			};
			name = Debug;
		};
		B556D28B227234FB006073BD /* Release */ = {
			isa = XCBuildConfiguration;
			baseConfigurationReference = DF7164CDCF6FE82EFBCBBA75 /* Pods-FunBoxTestApp.release.xcconfig */;
			buildSettings = {
				ASSETCATALOG_COMPILER_APPICON_NAME = AppIcon;
				CODE_SIGN_STYLE = Automatic;
				DEVELOPMENT_TEAM = YB3X76G54W;
				INFOPLIST_FILE = FunBoxTestApp/Info.plist;
				LD_RUNPATH_SEARCH_PATHS = (
					"$(inherited)",
					"@executable_path/Frameworks",
				);
				PRODUCT_BUNDLE_IDENTIFIER = Nervanin.FunBoxTestApp;
				PRODUCT_NAME = "$(TARGET_NAME)";
				SWIFT_VERSION = 4.2;
				TARGETED_DEVICE_FAMILY = "1,2";
			};
			name = Release;
		};
/* End XCBuildConfiguration section */

/* Begin XCConfigurationList section */
		B556D272227234F8006073BD /* Build configuration list for PBXProject "FunBoxTestApp" */ = {
			isa = XCConfigurationList;
			buildConfigurations = (
				B556D287227234FB006073BD /* Debug */,
				B556D288227234FB006073BD /* Release */,
			);
			defaultConfigurationIsVisible = 0;
			defaultConfigurationName = Release;
		};
		B556D289227234FB006073BD /* Build configuration list for PBXNativeTarget "FunBoxTestApp" */ = {
			isa = XCConfigurationList;
			buildConfigurations = (
				B556D28A227234FB006073BD /* Debug */,
				B556D28B227234FB006073BD /* Release */,
			);
			defaultConfigurationIsVisible = 0;
			defaultConfigurationName = Release;
		};
/* End XCConfigurationList section */

/* Begin XCVersionGroup section */
		B5B8E2C02285DE3F005DD492 /* DevicesDataModel.xcdatamodeld */ = {
			isa = XCVersionGroup;
			children = (
				B5B8E2C12285DE3F005DD492 /* DevicesDataModel.xcdatamodel */,
			);
			currentVersion = B5B8E2C12285DE3F005DD492 /* DevicesDataModel.xcdatamodel */;
			path = DevicesDataModel.xcdatamodeld;
			sourceTree = "<group>";
			versionGroupType = wrapper.xcdatamodel;
		};
/* End XCVersionGroup section */
	};
	rootObject = B556D26F227234F8006073BD /* Project object */;
}
